
Microsoft Visual Studio Solution File, Format Version 12.00
# Visual Studio 15
VisualStudioVersion = 15.0.27703.2000
MinimumVisualStudioVersion = 10.0.40219.1
Project("{FAE04EC0-301F-11D3-BF4B-00C04F79EFBC}") = "OxyPlotExamples.Android", "OxyPlotExamples\OxyPlotExamples.Android\OxyPlotExamples.Android.csproj", "{66A7507F-F8FE-4C45-98B5-CC67BC4F2F8F}"
EndProject
Project("{FAE04EC0-301F-11D3-BF4B-00C04F79EFBC}") = "OxyPlotExamples.iOS", "OxyPlotExamples\OxyPlotExamples.iOS\OxyPlotExamples.iOS.csproj", "{FF1409E0-20D7-4C79-BFF3-648FF846AA1E}"
EndProject
Project("{FAE04EC0-301F-11D3-BF4B-00C04F79EFBC}") = "OxyPlotExamples.UWP", "OxyPlotExamples\OxyPlotExamples.UWP\OxyPlotExamples.UWP.csproj", "{24E28CC3-787A-448C-B45F-DED4446990ED}"
EndProject
Project("{D954291E-2A0B-460D-934E-DC6B0785DB48}") = "OxyPlotExamples", "OxyPlotExamples\OxyPlotExamples\OxyPlotExamples.shproj", "{F8FDC4F7-6E6C-4605-B843-33137BF257C0}"
EndProject
Global
	GlobalSection(SharedMSBuildProjectFiles) = preSolution
		OxyPlotExamples\OxyPlotExamples\OxyPlotExamples.projitems*{24e28cc3-787a-448c-b45f-ded4446990ed}*SharedItemsImports = 4
		OxyPlotExamples\OxyPlotExamples\OxyPlotExamples.projitems*{66a7507f-f8fe-4c45-98b5-cc67bc4f2f8f}*SharedItemsImports = 4
		OxyPlotExamples\OxyPlotExamples\OxyPlotExamples.projitems*{f8fdc4f7-6e6c-4605-b843-33137bf257c0}*SharedItemsImports = 13
		OxyPlotExamples\OxyPlotExamples\OxyPlotExamples.projitems*{ff1409e0-20d7-4c79-bff3-648ff846aa1e}*SharedItemsImports = 4
	EndGlobalSection
	GlobalSection(SolutionConfigurationPlatforms) = preSolution
		Ad-Hoc|Any CPU = Ad-Hoc|Any CPU
		Ad-Hoc|ARM = Ad-Hoc|ARM
		Ad-Hoc|iPhone = Ad-Hoc|iPhone
		Ad-Hoc|iPhoneSimulator = Ad-Hoc|iPhoneSimulator
		Ad-Hoc|x64 = Ad-Hoc|x64
		Ad-Hoc|x86 = Ad-Hoc|x86
		AppStore|Any CPU = AppStore|Any CPU
		AppStore|ARM = AppStore|ARM
		AppStore|iPhone = AppStore|iPhone
		AppStore|iPhoneSimulator = AppStore|iPhoneSimulator
		AppStore|x64 = AppStore|x64
		AppStore|x86 = AppStore|x86
		Debug|Any CPU = Debug|Any CPU
		Debug|ARM = Debug|ARM
		Debug|iPhone = Debug|iPhone
		Debug|iPhoneSimulator = Debug|iPhoneSimulator
		Debug|x64 = Debug|x64
		Debug|x86 = Debug|x86
		Release|Any CPU = Release|Any CPU
		Release|ARM = Release|ARM
		Release|iPhone = Release|iPhone
		Release|iPhoneSimulator = Release|iPhoneSimulator
		Release|x64 = Release|x64
		Release|x86 = Release|x86
	EndGlobalSection
	GlobalSection(ProjectConfigurationPlatforms) = postSolution
		{66A7507F-F8FE-4C45-98B5-CC67BC4F2F8F}.Ad-Hoc|Any CPU.ActiveCfg = Release|Any CPU
		{66A7507F-F8FE-4C45-98B5-CC67BC4F2F8F}.Ad-Hoc|Any CPU.Build.0 = Release|Any CPU
		{66A7507F-F8FE-4C45-98B5-CC67BC4F2F8F}.Ad-Hoc|Any CPU.Deploy.0 = Release|Any CPU
		{66A7507F-F8FE-4C45-98B5-CC67BC4F2F8F}.Ad-Hoc|ARM.ActiveCfg = Release|Any CPU
		{66A7507F-F8FE-4C45-98B5-CC67BC4F2F8F}.Ad-Hoc|ARM.Build.0 = Release|Any CPU
		{66A7507F-F8FE-4C45-98B5-CC67BC4F2F8F}.Ad-Hoc|ARM.Deploy.0 = Release|Any CPU
		{66A7507F-F8FE-4C45-98B5-CC67BC4F2F8F}.Ad-Hoc|iPhone.ActiveCfg = Release|Any CPU
		{66A7507F-F8FE-4C45-98B5-CC67BC4F2F8F}.Ad-Hoc|iPhone.Build.0 = Release|Any CPU
		{66A7507F-F8FE-4C45-98B5-CC67BC4F2F8F}.Ad-Hoc|iPhone.Deploy.0 = Release|Any CPU
		{66A7507F-F8FE-4C45-98B5-CC67BC4F2F8F}.Ad-Hoc|iPhoneSimulator.ActiveCfg = Release|Any CPU
		{66A7507F-F8FE-4C45-98B5-CC67BC4F2F8F}.Ad-Hoc|iPhoneSimulator.Build.0 = Release|Any CPU
		{66A7507F-F8FE-4C45-98B5-CC67BC4F2F8F}.Ad-Hoc|iPhoneSimulator.Deploy.0 = Release|Any CPU
		{66A7507F-F8FE-4C45-98B5-CC67BC4F2F8F}.Ad-Hoc|x64.ActiveCfg = Release|Any CPU
		{66A7507F-F8FE-4C45-98B5-CC67BC4F2F8F}.Ad-Hoc|x64.Build.0 = Release|Any CPU
		{66A7507F-F8FE-4C45-98B5-CC67BC4F2F8F}.Ad-Hoc|x64.Deploy.0 = Release|Any CPU
		{66A7507F-F8FE-4C45-98B5-CC67BC4F2F8F}.Ad-Hoc|x86.ActiveCfg = Release|Any CPU
		{66A7507F-F8FE-4C45-98B5-CC67BC4F2F8F}.Ad-Hoc|x86.Build.0 = Release|Any CPU
		{66A7507F-F8FE-4C45-98B5-CC67BC4F2F8F}.Ad-Hoc|x86.Deploy.0 = Release|Any CPU
		{66A7507F-F8FE-4C45-98B5-CC67BC4F2F8F}.AppStore|Any CPU.ActiveCfg = Release|Any CPU
		{66A7507F-F8FE-4C45-98B5-CC67BC4F2F8F}.AppStore|Any CPU.Build.0 = Release|Any CPU
		{66A7507F-F8FE-4C45-98B5-CC67BC4F2F8F}.AppStore|Any CPU.Deploy.0 = Release|Any CPU
		{66A7507F-F8FE-4C45-98B5-CC67BC4F2F8F}.AppStore|ARM.ActiveCfg = Release|Any CPU
		{66A7507F-F8FE-4C45-98B5-CC67BC4F2F8F}.AppStore|ARM.Build.0 = Release|Any CPU
		{66A7507F-F8FE-4C45-98B5-CC67BC4F2F8F}.AppStore|ARM.Deploy.0 = Release|Any CPU
		{66A7507F-F8FE-4C45-98B5-CC67BC4F2F8F}.AppStore|iPhone.ActiveCfg = Release|Any CPU
		{66A7507F-F8FE-4C45-98B5-CC67BC4F2F8F}.AppStore|iPhone.Build.0 = Release|Any CPU
		{66A7507F-F8FE-4C45-98B5-CC67BC4F2F8F}.AppStore|iPhone.Deploy.0 = Release|Any CPU
		{66A7507F-F8FE-4C45-98B5-CC67BC4F2F8F}.AppStore|iPhoneSimulator.ActiveCfg = Release|Any CPU
		{66A7507F-F8FE-4C45-98B5-CC67BC4F2F8F}.AppStore|iPhoneSimulator.Build.0 = Release|Any CPU
		{66A7507F-F8FE-4C45-98B5-CC67BC4F2F8F}.AppStore|iPhoneSimulator.Deploy.0 = Release|Any CPU
		{66A7507F-F8FE-4C45-98B5-CC67BC4F2F8F}.AppStore|x64.ActiveCfg = Release|Any CPU
		{66A7507F-F8FE-4C45-98B5-CC67BC4F2F8F}.AppStore|x64.Build.0 = Release|Any CPU
		{66A7507F-F8FE-4C45-98B5-CC67BC4F2F8F}.AppStore|x64.Deploy.0 = Release|Any CPU
		{66A7507F-F8FE-4C45-98B5-CC67BC4F2F8F}.AppStore|x86.ActiveCfg = Release|Any CPU
		{66A7507F-F8FE-4C45-98B5-CC67BC4F2F8F}.AppStore|x86.Build.0 = Release|Any CPU
		{66A7507F-F8FE-4C45-98B5-CC67BC4F2F8F}.AppStore|x86.Deploy.0 = Release|Any CPU
		{66A7507F-F8FE-4C45-98B5-CC67BC4F2F8F}.Debug|Any CPU.ActiveCfg = Debug|Any CPU
		{66A7507F-F8FE-4C45-98B5-CC67BC4F2F8F}.Debug|Any CPU.Build.0 = Debug|Any CPU
		{66A7507F-F8FE-4C45-98B5-CC67BC4F2F8F}.Debug|Any CPU.Deploy.0 = Debug|Any CPU
		{66A7507F-F8FE-4C45-98B5-CC67BC4F2F8F}.Debug|ARM.ActiveCfg = Debug|Any CPU
		{66A7507F-F8FE-4C45-98B5-CC67BC4F2F8F}.Debug|ARM.Build.0 = Debug|Any CPU
		{66A7507F-F8FE-4C45-98B5-CC67BC4F2F8F}.Debug|ARM.Deploy.0 = Debug|Any CPU
		{66A7507F-F8FE-4C45-98B5-CC67BC4F2F8F}.Debug|iPhone.ActiveCfg = Debug|Any CPU
		{66A7507F-F8FE-4C45-98B5-CC67BC4F2F8F}.Debug|iPhone.Build.0 = Debug|Any CPU
		{66A7507F-F8FE-4C45-98B5-CC67BC4F2F8F}.Debug|iPhone.Deploy.0 = Debug|Any CPU
		{66A7507F-F8FE-4C45-98B5-CC67BC4F2F8F}.Debug|iPhoneSimulator.ActiveCfg = Debug|Any CPU
		{66A7507F-F8FE-4C45-98B5-CC67BC4F2F8F}.Debug|iPhoneSimulator.Build.0 = Debug|Any CPU
		{66A7507F-F8FE-4C45-98B5-CC67BC4F2F8F}.Debug|iPhoneSimulator.Deploy.0 = Debug|Any CPU
		{66A7507F-F8FE-4C45-98B5-CC67BC4F2F8F}.Debug|x64.ActiveCfg = Debug|Any CPU
		{66A7507F-F8FE-4C45-98B5-CC67BC4F2F8F}.Debug|x64.Build.0 = Debug|Any CPU
		{66A7507F-F8FE-4C45-98B5-CC67BC4F2F8F}.Debug|x64.Deploy.0 = Debug|Any CPU
		{66A7507F-F8FE-4C45-98B5-CC67BC4F2F8F}.Debug|x86.ActiveCfg = Debug|Any CPU
		{66A7507F-F8FE-4C45-98B5-CC67BC4F2F8F}.Debug|x86.Build.0 = Debug|Any CPU
		{66A7507F-F8FE-4C45-98B5-CC67BC4F2F8F}.Debug|x86.Deploy.0 = Debug|Any CPU
		{66A7507F-F8FE-4C45-98B5-CC67BC4F2F8F}.Release|Any CPU.ActiveCfg = Release|Any CPU
		{66A7507F-F8FE-4C45-98B5-CC67BC4F2F8F}.Release|Any CPU.Build.0 = Release|Any CPU
		{66A7507F-F8FE-4C45-98B5-CC67BC4F2F8F}.Release|Any CPU.Deploy.0 = Release|Any CPU
		{66A7507F-F8FE-4C45-98B5-CC67BC4F2F8F}.Release|ARM.ActiveCfg = Release|Any CPU
		{66A7507F-F8FE-4C45-98B5-CC67BC4F2F8F}.Release|ARM.Build.0 = Release|Any CPU
		{66A7507F-F8FE-4C45-98B5-CC67BC4F2F8F}.Release|ARM.Deploy.0 = Release|Any CPU
		{66A7507F-F8FE-4C45-98B5-CC67BC4F2F8F}.Release|iPhone.ActiveCfg = Release|Any CPU
		{66A7507F-F8FE-4C45-98B5-CC67BC4F2F8F}.Release|iPhone.Build.0 = Release|Any CPU
		{66A7507F-F8FE-4C45-98B5-CC67BC4F2F8F}.Release|iPhone.Deploy.0 = Release|Any CPU
		{66A7507F-F8FE-4C45-98B5-CC67BC4F2F8F}.Release|iPhoneSimulator.ActiveCfg = Release|Any CPU
		{66A7507F-F8FE-4C45-98B5-CC67BC4F2F8F}.Release|iPhoneSimulator.Build.0 = Release|Any CPU
		{66A7507F-F8FE-4C45-98B5-CC67BC4F2F8F}.Release|iPhoneSimulator.Deploy.0 = Release|Any CPU
		{66A7507F-F8FE-4C45-98B5-CC67BC4F2F8F}.Release|x64.ActiveCfg = Release|Any CPU
		{66A7507F-F8FE-4C45-98B5-CC67BC4F2F8F}.Release|x64.Build.0 = Release|Any CPU
		{66A7507F-F8FE-4C45-98B5-CC67BC4F2F8F}.Release|x64.Deploy.0 = Release|Any CPU
		{66A7507F-F8FE-4C45-98B5-CC67BC4F2F8F}.Release|x86.ActiveCfg = Release|Any CPU
		{66A7507F-F8FE-4C45-98B5-CC67BC4F2F8F}.Release|x86.Build.0 = Release|Any CPU
		{66A7507F-F8FE-4C45-98B5-CC67BC4F2F8F}.Release|x86.Deploy.0 = Release|Any CPU
		{FF1409E0-20D7-4C79-BFF3-648FF846AA1E}.Ad-Hoc|Any CPU.ActiveCfg = Ad-Hoc|iPhone
		{FF1409E0-20D7-4C79-BFF3-648FF846AA1E}.Ad-Hoc|Any CPU.Build.0 = Ad-Hoc|iPhone
		{FF1409E0-20D7-4C79-BFF3-648FF846AA1E}.Ad-Hoc|Any CPU.Deploy.0 = Ad-Hoc|iPhone
		{FF1409E0-20D7-4C79-BFF3-648FF846AA1E}.Ad-Hoc|ARM.ActiveCfg = Ad-Hoc|iPhone
		{FF1409E0-20D7-4C79-BFF3-648FF846AA1E}.Ad-Hoc|ARM.Build.0 = Ad-Hoc|iPhone
		{FF1409E0-20D7-4C79-BFF3-648FF846AA1E}.Ad-Hoc|ARM.Deploy.0 = Ad-Hoc|iPhone
		{FF1409E0-20D7-4C79-BFF3-648FF846AA1E}.Ad-Hoc|iPhone.ActiveCfg = Ad-Hoc|iPhone
		{FF1409E0-20D7-4C79-BFF3-648FF846AA1E}.Ad-Hoc|iPhone.Build.0 = Ad-Hoc|iPhone
		{FF1409E0-20D7-4C79-BFF3-648FF846AA1E}.Ad-Hoc|iPhone.Deploy.0 = Ad-Hoc|iPhone
		{FF1409E0-20D7-4C79-BFF3-648FF846AA1E}.Ad-Hoc|iPhoneSimulator.ActiveCfg = Ad-Hoc|iPhoneSimulator
		{FF1409E0-20D7-4C79-BFF3-648FF846AA1E}.Ad-Hoc|iPhoneSimulator.Build.0 = Ad-Hoc|iPhoneSimulator
		{FF1409E0-20D7-4C79-BFF3-648FF846AA1E}.Ad-Hoc|iPhoneSimulator.Deploy.0 = Ad-Hoc|iPhoneSimulator
		{FF1409E0-20D7-4C79-BFF3-648FF846AA1E}.Ad-Hoc|x64.ActiveCfg = Ad-Hoc|iPhone
		{FF1409E0-20D7-4C79-BFF3-648FF846AA1E}.Ad-Hoc|x64.Build.0 = Ad-Hoc|iPhone
		{FF1409E0-20D7-4C79-BFF3-648FF846AA1E}.Ad-Hoc|x64.Deploy.0 = Ad-Hoc|iPhone
		{FF1409E0-20D7-4C79-BFF3-648FF846AA1E}.Ad-Hoc|x86.ActiveCfg = Ad-Hoc|iPhone
		{FF1409E0-20D7-4C79-BFF3-648FF846AA1E}.Ad-Hoc|x86.Build.0 = Ad-Hoc|iPhone
		{FF1409E0-20D7-4C79-BFF3-648FF846AA1E}.Ad-Hoc|x86.Deploy.0 = Ad-Hoc|iPhone
		{FF1409E0-20D7-4C79-BFF3-648FF846AA1E}.AppStore|Any CPU.ActiveCfg = AppStore|iPhone
		{FF1409E0-20D7-4C79-BFF3-648FF846AA1E}.AppStore|Any CPU.Build.0 = AppStore|iPhone
		{FF1409E0-20D7-4C79-BFF3-648FF846AA1E}.AppStore|Any CPU.Deploy.0 = AppStore|iPhone
		{FF1409E0-20D7-4C79-BFF3-648FF846AA1E}.AppStore|ARM.ActiveCfg = AppStore|iPhone
		{FF1409E0-20D7-4C79-BFF3-648FF846AA1E}.AppStore|ARM.Build.0 = AppStore|iPhone
		{FF1409E0-20D7-4C79-BFF3-648FF846AA1E}.AppStore|ARM.Deploy.0 = AppStore|iPhone
		{FF1409E0-20D7-4C79-BFF3-648FF846AA1E}.AppStore|iPhone.ActiveCfg = AppStore|iPhone
		{FF1409E0-20D7-4C79-BFF3-648FF846AA1E}.AppStore|iPhone.Build.0 = AppStore|iPhone
		{FF1409E0-20D7-4C79-BFF3-648FF846AA1E}.AppStore|iPhone.Deploy.0 = AppStore|iPhone
		{FF1409E0-20D7-4C79-BFF3-648FF846AA1E}.AppStore|iPhoneSimulator.ActiveCfg = AppStore|iPhoneSimulator
		{FF1409E0-20D7-4C79-BFF3-648FF846AA1E}.AppStore|iPhoneSimulator.Build.0 = AppStore|iPhoneSimulator
		{FF1409E0-20D7-4C79-BFF3-648FF846AA1E}.AppStore|iPhoneSimulator.Deploy.0 = AppStore|iPhoneSimulator
		{FF1409E0-20D7-4C79-BFF3-648FF846AA1E}.AppStore|x64.ActiveCfg = AppStore|iPhone
		{FF1409E0-20D7-4C79-BFF3-648FF846AA1E}.AppStore|x64.Build.0 = AppStore|iPhone
		{FF1409E0-20D7-4C79-BFF3-648FF846AA1E}.AppStore|x64.Deploy.0 = AppStore|iPhone
		{FF1409E0-20D7-4C79-BFF3-648FF846AA1E}.AppStore|x86.ActiveCfg = AppStore|iPhone
		{FF1409E0-20D7-4C79-BFF3-648FF846AA1E}.AppStore|x86.Build.0 = AppStore|iPhone
		{FF1409E0-20D7-4C79-BFF3-648FF846AA1E}.AppStore|x86.Deploy.0 = AppStore|iPhone
		{FF1409E0-20D7-4C79-BFF3-648FF846AA1E}.Debug|Any CPU.ActiveCfg = Debug|iPhoneSimulator
		{FF1409E0-20D7-4C79-BFF3-648FF846AA1E}.Debug|Any CPU.Build.0 = Debug|iPhoneSimulator
		{FF1409E0-20D7-4C79-BFF3-648FF846AA1E}.Debug|Any CPU.Deploy.0 = Debug|iPhoneSimulator
		{FF1409E0-20D7-4C79-BFF3-648FF846AA1E}.Debug|ARM.ActiveCfg = Debug|iPhone
		{FF1409E0-20D7-4C79-BFF3-648FF846AA1E}.Debug|ARM.Build.0 = Debug|iPhone
		{FF1409E0-20D7-4C79-BFF3-648FF846AA1E}.Debug|ARM.Deploy.0 = Debug|iPhone
		{FF1409E0-20D7-4C79-BFF3-648FF846AA1E}.Debug|iPhone.ActiveCfg = Debug|iPhone
		{FF1409E0-20D7-4C79-BFF3-648FF846AA1E}.Debug|iPhone.Build.0 = Debug|iPhone
		{FF1409E0-20D7-4C79-BFF3-648FF846AA1E}.Debug|iPhone.Deploy.0 = Debug|iPhone
		{FF1409E0-20D7-4C79-BFF3-648FF846AA1E}.Debug|iPhoneSimulator.ActiveCfg = Debug|iPhoneSimulator
		{FF1409E0-20D7-4C79-BFF3-648FF846AA1E}.Debug|iPhoneSimulator.Build.0 = Debug|iPhoneSimulator
		{FF1409E0-20D7-4C79-BFF3-648FF846AA1E}.Debug|iPhoneSimulator.Deploy.0 = Debug|iPhoneSimulator
		{FF1409E0-20D7-4C79-BFF3-648FF846AA1E}.Debug|x64.ActiveCfg = Debug|iPhone
		{FF1409E0-20D7-4C79-BFF3-648FF846AA1E}.Debug|x64.Build.0 = Debug|iPhone
		{FF1409E0-20D7-4C79-BFF3-648FF846AA1E}.Debug|x64.Deploy.0 = Debug|iPhone
		{FF1409E0-20D7-4C79-BFF3-648FF846AA1E}.Debug|x86.ActiveCfg = Debug|iPhone
		{FF1409E0-20D7-4C79-BFF3-648FF846AA1E}.Debug|x86.Build.0 = Debug|iPhone
		{FF1409E0-20D7-4C79-BFF3-648FF846AA1E}.Debug|x86.Deploy.0 = Debug|iPhone
		{FF1409E0-20D7-4C79-BFF3-648FF846AA1E}.Release|Any CPU.ActiveCfg = Release|iPhone
		{FF1409E0-20D7-4C79-BFF3-648FF846AA1E}.Release|Any CPU.Build.0 = Release|iPhone
		{FF1409E0-20D7-4C79-BFF3-648FF846AA1E}.Release|Any CPU.Deploy.0 = Release|iPhone
		{FF1409E0-20D7-4C79-BFF3-648FF846AA1E}.Release|ARM.ActiveCfg = Release|iPhone
		{FF1409E0-20D7-4C79-BFF3-648FF846AA1E}.Release|ARM.Build.0 = Release|iPhone
		{FF1409E0-20D7-4C79-BFF3-648FF846AA1E}.Release|ARM.Deploy.0 = Release|iPhone
		{FF1409E0-20D7-4C79-BFF3-648FF846AA1E}.Release|iPhone.ActiveCfg = Release|iPhone
		{FF1409E0-20D7-4C79-BFF3-648FF846AA1E}.Release|iPhone.Build.0 = Release|iPhone
		{FF1409E0-20D7-4C79-BFF3-648FF846AA1E}.Release|iPhone.Deploy.0 = Release|iPhone
		{FF1409E0-20D7-4C79-BFF3-648FF846AA1E}.Release|iPhoneSimulator.ActiveCfg = Release|iPhoneSimulator
		{FF1409E0-20D7-4C79-BFF3-648FF846AA1E}.Release|iPhoneSimulator.Build.0 = Release|iPhoneSimulator
		{FF1409E0-20D7-4C79-BFF3-648FF846AA1E}.Release|iPhoneSimulator.Deploy.0 = Release|iPhoneSimulator
		{FF1409E0-20D7-4C79-BFF3-648FF846AA1E}.Release|x64.ActiveCfg = Release|iPhone
		{FF1409E0-20D7-4C79-BFF3-648FF846AA1E}.Release|x64.Build.0 = Release|iPhone
		{FF1409E0-20D7-4C79-BFF3-648FF846AA1E}.Release|x64.Deploy.0 = Release|iPhone
		{FF1409E0-20D7-4C79-BFF3-648FF846AA1E}.Release|x86.ActiveCfg = Release|iPhone
		{FF1409E0-20D7-4C79-BFF3-648FF846AA1E}.Release|x86.Build.0 = Release|iPhone
		{FF1409E0-20D7-4C79-BFF3-648FF846AA1E}.Release|x86.Deploy.0 = Release|iPhone
		{24E28CC3-787A-448C-B45F-DED4446990ED}.Ad-Hoc|Any CPU.ActiveCfg = Release|x86
		{24E28CC3-787A-448C-B45F-DED4446990ED}.Ad-Hoc|Any CPU.Build.0 = Release|x86
		{24E28CC3-787A-448C-B45F-DED4446990ED}.Ad-Hoc|Any CPU.Deploy.0 = Release|x86
		{24E28CC3-787A-448C-B45F-DED4446990ED}.Ad-Hoc|ARM.ActiveCfg = Release|ARM
		{24E28CC3-787A-448C-B45F-DED4446990ED}.Ad-Hoc|ARM.Build.0 = Release|ARM
		{24E28CC3-787A-448C-B45F-DED4446990ED}.Ad-Hoc|ARM.Deploy.0 = Release|ARM
		{24E28CC3-787A-448C-B45F-DED4446990ED}.Ad-Hoc|iPhone.ActiveCfg = Release|x86
		{24E28CC3-787A-448C-B45F-DED4446990ED}.Ad-Hoc|iPhone.Build.0 = Release|x86
		{24E28CC3-787A-448C-B45F-DED4446990ED}.Ad-Hoc|iPhone.Deploy.0 = Release|x86
		{24E28CC3-787A-448C-B45F-DED4446990ED}.Ad-Hoc|iPhoneSimulator.ActiveCfg = Release|x86
		{24E28CC3-787A-448C-B45F-DED4446990ED}.Ad-Hoc|iPhoneSimulator.Build.0 = Release|x86
		{24E28CC3-787A-448C-B45F-DED4446990ED}.Ad-Hoc|iPhoneSimulator.Deploy.0 = Release|x86
		{24E28CC3-787A-448C-B45F-DED4446990ED}.Ad-Hoc|x64.ActiveCfg = Release|x64
		{24E28CC3-787A-448C-B45F-DED4446990ED}.Ad-Hoc|x64.Build.0 = Release|x64
		{24E28CC3-787A-448C-B45F-DED4446990ED}.Ad-Hoc|x64.Deploy.0 = Release|x64
		{24E28CC3-787A-448C-B45F-DED4446990ED}.Ad-Hoc|x86.ActiveCfg = Release|x86
		{24E28CC3-787A-448C-B45F-DED4446990ED}.Ad-Hoc|x86.Build.0 = Release|x86
		{24E28CC3-787A-448C-B45F-DED4446990ED}.Ad-Hoc|x86.Deploy.0 = Release|x86
		{24E28CC3-787A-448C-B45F-DED4446990ED}.AppStore|Any CPU.ActiveCfg = Release|x86
		{24E28CC3-787A-448C-B45F-DED4446990ED}.AppStore|Any CPU.Build.0 = Release|x86
		{24E28CC3-787A-448C-B45F-DED4446990ED}.AppStore|Any CPU.Deploy.0 = Release|x86
		{24E28CC3-787A-448C-B45F-DED4446990ED}.AppStore|ARM.ActiveCfg = Release|ARM
		{24E28CC3-787A-448C-B45F-DED4446990ED}.AppStore|ARM.Build.0 = Release|ARM
		{24E28CC3-787A-448C-B45F-DED4446990ED}.AppStore|ARM.Deploy.0 = Release|ARM
		{24E28CC3-787A-448C-B45F-DED4446990ED}.AppStore|iPhone.ActiveCfg = Release|x86
		{24E28CC3-787A-448C-B45F-DED4446990ED}.AppStore|iPhone.Build.0 = Release|x86
		{24E28CC3-787A-448C-B45F-DED4446990ED}.AppStore|iPhone.Deploy.0 = Release|x86
		{24E28CC3-787A-448C-B45F-DED4446990ED}.AppStore|iPhoneSimulator.ActiveCfg = Release|x86
		{24E28CC3-787A-448C-B45F-DED4446990ED}.AppStore|iPhoneSimulator.Build.0 = Release|x86
		{24E28CC3-787A-448C-B45F-DED4446990ED}.AppStore|iPhoneSimulator.Deploy.0 = Release|x86
		{24E28CC3-787A-448C-B45F-DED4446990ED}.AppStore|x64.ActiveCfg = Release|x64
		{24E28CC3-787A-448C-B45F-DED4446990ED}.AppStore|x64.Build.0 = Release|x64
		{24E28CC3-787A-448C-B45F-DED4446990ED}.AppStore|x64.Deploy.0 = Release|x64
		{24E28CC3-787A-448C-B45F-DED4446990ED}.AppStore|x86.ActiveCfg = Release|x86
		{24E28CC3-787A-448C-B45F-DED4446990ED}.AppStore|x86.Build.0 = Release|x86
		{24E28CC3-787A-448C-B45F-DED4446990ED}.AppStore|x86.Deploy.0 = Release|x86
		{24E28CC3-787A-448C-B45F-DED4446990ED}.Debug|Any CPU.ActiveCfg = Debug|x86
		{24E28CC3-787A-448C-B45F-DED4446990ED}.Debug|Any CPU.Build.0 = Debug|x86
		{24E28CC3-787A-448C-B45F-DED4446990ED}.Debug|Any CPU.Deploy.0 = Debug|x86
		{24E28CC3-787A-448C-B45F-DED4446990ED}.Debug|ARM.ActiveCfg = Debug|ARM
		{24E28CC3-787A-448C-B45F-DED4446990ED}.Debug|ARM.Build.0 = Debug|ARM
		{24E28CC3-787A-448C-B45F-DED4446990ED}.Debug|ARM.Deploy.0 = Debug|ARM
		{24E28CC3-787A-448C-B45F-DED4446990ED}.Debug|iPhone.ActiveCfg = Debug|x86
		{24E28CC3-787A-448C-B45F-DED4446990ED}.Debug|iPhone.Build.0 = Debug|x86
		{24E28CC3-787A-448C-B45F-DED4446990ED}.Debug|iPhone.Deploy.0 = Debug|x86
		{24E28CC3-787A-448C-B45F-DED4446990ED}.Debug|iPhoneSimulator.ActiveCfg = Debug|x86
		{24E28CC3-787A-448C-B45F-DED4446990ED}.Debug|iPhoneSimulator.Build.0 = Debug|x86
		{24E28CC3-787A-448C-B45F-DED4446990ED}.Debug|iPhoneSimulator.Deploy.0 = Debug|x86
		{24E28CC3-787A-448C-B45F-DED4446990ED}.Debug|x64.ActiveCfg = Debug|x64
		{24E28CC3-787A-448C-B45F-DED4446990ED}.Debug|x64.Build.0 = Debug|x64
		{24E28CC3-787A-448C-B45F-DED4446990ED}.Debug|x64.Deploy.0 = Debug|x64
		{24E28CC3-787A-448C-B45F-DED4446990ED}.Debug|x86.ActiveCfg = Debug|x86
		{24E28CC3-787A-448C-B45F-DED4446990ED}.Debug|x86.Build.0 = Debug|x86
		{24E28CC3-787A-448C-B45F-DED4446990ED}.Debug|x86.Deploy.0 = Debug|x86
		{24E28CC3-787A-448C-B45F-DED4446990ED}.Release|Any CPU.ActiveCfg = Release|x86
		{24E28CC3-787A-448C-B45F-DED4446990ED}.Release|Any CPU.Build.0 = Release|x86
		{24E28CC3-787A-448C-B45F-DED4446990ED}.Release|Any CPU.Deploy.0 = Release|x86
		{24E28CC3-787A-448C-B45F-DED4446990ED}.Release|ARM.ActiveCfg = Release|ARM
		{24E28CC3-787A-448C-B45F-DED4446990ED}.Release|ARM.Build.0 = Release|ARM
		{24E28CC3-787A-448C-B45F-DED4446990ED}.Release|ARM.Deploy.0 = Release|ARM
		{24E28CC3-787A-448C-B45F-DED4446990ED}.Release|iPhone.ActiveCfg = Release|x86
		{24E28CC3-787A-448C-B45F-DED4446990ED}.Release|iPhone.Build.0 = Release|x86
		{24E28CC3-787A-448C-B45F-DED4446990ED}.Release|iPhone.Deploy.0 = Release|x86
		{24E28CC3-787A-448C-B45F-DED4446990ED}.Release|iPhoneSimulator.ActiveCfg = Release|x86
		{24E28CC3-787A-448C-B45F-DED4446990ED}.Release|iPhoneSimulator.Build.0 = Release|x86
		{24E28CC3-787A-448C-B45F-DED4446990ED}.Release|iPhoneSimulator.Deploy.0 = Release|x86
		{24E28CC3-787A-448C-B45F-DED4446990ED}.Release|x64.ActiveCfg = Release|x64
		{24E28CC3-787A-448C-B45F-DED4446990ED}.Release|x64.Build.0 = Release|x64
		{24E28CC3-787A-448C-B45F-DED4446990ED}.Release|x64.Deploy.0 = Release|x64
		{24E28CC3-787A-448C-B45F-DED4446990ED}.Release|x86.ActiveCfg = Release|x86
		{24E28CC3-787A-448C-B45F-DED4446990ED}.Release|x86.Build.0 = Release|x86
		{24E28CC3-787A-448C-B45F-DED4446990ED}.Release|x86.Deploy.0 = Release|x86
	EndGlobalSection
	GlobalSection(SolutionProperties) = preSolution
		HideSolutionNode = FALSE
	EndGlobalSection
	GlobalSection(ExtensibilityGlobals) = postSolution
		SolutionGuid = {1C82DCA9-FE4C-4CFE-B278-B2CBC66580BF}
	EndGlobalSection
EndGlobal
